// !$*UTF8*$!
{
	archiveVersion = 1;
	classes = {
	};
	objectVersion = 46;
	objects = {

/* Begin PBXBuildFile section */
		F75E295B1E722DD2000AEEEC /* SelecUserViewController.swift in Sources */ = {isa = PBXBuildFile; fileRef = F75E295A1E722DD2000AEEEC /* SelecUserViewController.swift */; };
		F75E295D1E724CDF000AEEEC /* User.swift in Sources */ = {isa = PBXBuildFile; fileRef = F75E295C1E724CDF000AEEEC /* User.swift */; };
		F75E29611E75594B000AEEEC /* Snap.swift in Sources */ = {isa = PBXBuildFile; fileRef = F75E29601E75594B000AEEEC /* Snap.swift */; };
		F76BD9861E6EDBED00EC0116 /* AppDelegate.swift in Sources */ = {isa = PBXBuildFile; fileRef = F76BD9851E6EDBED00EC0116 /* AppDelegate.swift */; };
		F76BD9881E6EDBED00EC0116 /* SignInViewController.swift in Sources */ = {isa = PBXBuildFile; fileRef = F76BD9871E6EDBED00EC0116 /* SignInViewController.swift */; };
		F76BD98B1E6EDBED00EC0116 /* Main.storyboard in Resources */ = {isa = PBXBuildFile; fileRef = F76BD9891E6EDBED00EC0116 /* Main.storyboard */; };
		F76BD98D1E6EDBED00EC0116 /* Assets.xcassets in Resources */ = {isa = PBXBuildFile; fileRef = F76BD98C1E6EDBED00EC0116 /* Assets.xcassets */; };
		F76BD9901E6EDBED00EC0116 /* LaunchScreen.storyboard in Resources */ = {isa = PBXBuildFile; fileRef = F76BD98E1E6EDBED00EC0116 /* LaunchScreen.storyboard */; };
		F76BD9981E6EE56500EC0116 /* GoogleService-Info.plist in Resources */ = {isa = PBXBuildFile; fileRef = F76BD9971E6EE56500EC0116 /* GoogleService-Info.plist */; };
		F778EFD41E7035C4000B2EBA /* Cool.jpg in Resources */ = {isa = PBXBuildFile; fileRef = F778EFD31E7035C4000B2EBA /* Cool.jpg */; };
		F778EFD61E703671000B2EBA /* PictureViewController.swift in Sources */ = {isa = PBXBuildFile; fileRef = F778EFD51E703671000B2EBA /* PictureViewController.swift */; };
		F7C7DAB71E6F1D8B00425F93 /* SnapsViewController.swift in Sources */ = {isa = PBXBuildFile; fileRef = F7C7DAB61E6F1D8B00425F93 /* SnapsViewController.swift */; };
		F89034D6BEBA560CEB1F5B38 /* Pods_Snapchat.framework in Frameworks */ = {isa = PBXBuildFile; fileRef = 3CC4A0176E92F2AFE754AADE /* Pods_Snapchat.framework */; };
/* End PBXBuildFile section */

/* Begin PBXFileReference section */
		3CC4A0176E92F2AFE754AADE /* Pods_Snapchat.framework */ = {isa = PBXFileReference; explicitFileType = wrapper.framework; includeInIndex = 0; path = Pods_Snapchat.framework; sourceTree = BUILT_PRODUCTS_DIR; };
		517D936C58EE70985DDE2989 /* Pods-Snapchat.release.xcconfig */ = {isa = PBXFileReference; includeInIndex = 1; lastKnownFileType = text.xcconfig; name = "Pods-Snapchat.release.xcconfig"; path = "Pods/Target Support Files/Pods-Snapchat/Pods-Snapchat.release.xcconfig"; sourceTree = "<group>"; };
		F274F9C120720341AF6B4935 /* Pods-Snapchat.debug.xcconfig */ = {isa = PBXFileReference; includeInIndex = 1; lastKnownFileType = text.xcconfig; name = "Pods-Snapchat.debug.xcconfig"; path = "Pods/Target Support Files/Pods-Snapchat/Pods-Snapchat.debug.xcconfig"; sourceTree = "<group>"; };
		F75E295A1E722DD2000AEEEC /* SelecUserViewController.swift */ = {isa = PBXFileReference; fileEncoding = 4; lastKnownFileType = sourcecode.swift; path = SelecUserViewController.swift; sourceTree = "<group>"; };
		F75E295C1E724CDF000AEEEC /* User.swift */ = {isa = PBXFileReference; fileEncoding = 4; lastKnownFileType = sourcecode.swift; path = User.swift; sourceTree = "<group>"; };
		F75E29601E75594B000AEEEC /* Snap.swift */ = {isa = PBXFileReference; fileEncoding = 4; lastKnownFileType = sourcecode.swift; path = Snap.swift; sourceTree = "<group>"; };
		F76BD9821E6EDBED00EC0116 /* Snapchat.app */ = {isa = PBXFileReference; explicitFileType = wrapper.application; includeInIndex = 0; path = Snapchat.app; sourceTree = BUILT_PRODUCTS_DIR; };
		F76BD9851E6EDBED00EC0116 /* AppDelegate.swift */ = {isa = PBXFileReference; lastKnownFileType = sourcecode.swift; path = AppDelegate.swift; sourceTree = "<group>"; };
		F76BD9871E6EDBED00EC0116 /* SignInViewController.swift */ = {isa = PBXFileReference; lastKnownFileType = sourcecode.swift; path = SignInViewController.swift; sourceTree = "<group>"; };
		F76BD98A1E6EDBED00EC0116 /* Base */ = {isa = PBXFileReference; lastKnownFileType = file.storyboard; name = Base; path = Base.lproj/Main.storyboard; sourceTree = "<group>"; };
		F76BD98C1E6EDBED00EC0116 /* Assets.xcassets */ = {isa = PBXFileReference; lastKnownFileType = folder.assetcatalog; path = Assets.xcassets; sourceTree = "<group>"; };
		F76BD98F1E6EDBED00EC0116 /* Base */ = {isa = PBXFileReference; lastKnownFileType = file.storyboard; name = Base; path = Base.lproj/LaunchScreen.storyboard; sourceTree = "<group>"; };
		F76BD9911E6EDBED00EC0116 /* Info.plist */ = {isa = PBXFileReference; lastKnownFileType = text.plist.xml; path = Info.plist; sourceTree = "<group>"; };
		F76BD9971E6EE56500EC0116 /* GoogleService-Info.plist */ = {isa = PBXFileReference; fileEncoding = 4; lastKnownFileType = text.plist.xml; path = "GoogleService-Info.plist"; sourceTree = "<group>"; };
		F777DA871E6F171C000FDE8E /* Snapchat.entitlements */ = {isa = PBXFileReference; lastKnownFileType = text.plist.entitlements; path = Snapchat.entitlements; sourceTree = "<group>"; };
		F778EFD31E7035C4000B2EBA /* Cool.jpg */ = {isa = PBXFileReference; lastKnownFileType = image.jpeg; path = Cool.jpg; sourceTree = "<group>"; };
		F778EFD51E703671000B2EBA /* PictureViewController.swift */ = {isa = PBXFileReference; fileEncoding = 4; lastKnownFileType = sourcecode.swift; path = PictureViewController.swift; sourceTree = "<group>"; };
		F7C7DAB61E6F1D8B00425F93 /* SnapsViewController.swift */ = {isa = PBXFileReference; fileEncoding = 4; lastKnownFileType = sourcecode.swift; path = SnapsViewController.swift; sourceTree = "<group>"; };
/* End PBXFileReference section */

/* Begin PBXFrameworksBuildPhase section */
		F76BD97F1E6EDBED00EC0116 /* Frameworks */ = {
			isa = PBXFrameworksBuildPhase;
			buildActionMask = 2147483647;
			files = (
				F89034D6BEBA560CEB1F5B38 /* Pods_Snapchat.framework in Frameworks */,
			);
			runOnlyForDeploymentPostprocessing = 0;
		};
/* End PBXFrameworksBuildPhase section */

/* Begin PBXGroup section */
		01C3F02EF5ADE028DDCB186B /* Pods */ = {
			isa = PBXGroup;
			children = (
				F274F9C120720341AF6B4935 /* Pods-Snapchat.debug.xcconfig */,
				517D936C58EE70985DDE2989 /* Pods-Snapchat.release.xcconfig */,
			);
			name = Pods;
			sourceTree = "<group>";
		};
		DBDA86353604E422F78E7E53 /* Frameworks */ = {
			isa = PBXGroup;
			children = (
				3CC4A0176E92F2AFE754AADE /* Pods_Snapchat.framework */,
			);
			name = Frameworks;
			sourceTree = "<group>";
		};
		F75E295E1E724D58000AEEEC /* ViewControllers */ = {
			isa = PBXGroup;
			children = (
				F75E295A1E722DD2000AEEEC /* SelecUserViewController.swift */,
				F778EFD51E703671000B2EBA /* PictureViewController.swift */,
				F7C7DAB61E6F1D8B00425F93 /* SnapsViewController.swift */,
				F75E29601E75594B000AEEEC /* Snap.swift */,
				F76BD9871E6EDBED00EC0116 /* SignInViewController.swift */,
			);
			name = ViewControllers;
			sourceTree = "<group>";
		};
		F75E295F1E724D9F000AEEEC /* Models */ = {
			isa = PBXGroup;
			children = (
				F75E295C1E724CDF000AEEEC /* User.swift */,
			);
			name = Models;
			sourceTree = "<group>";
		};
		F76BD9791E6EDBED00EC0116 = {
			isa = PBXGroup;
			children = (
				F76BD9841E6EDBED00EC0116 /* Snapchat */,
				F76BD9831E6EDBED00EC0116 /* Products */,
				01C3F02EF5ADE028DDCB186B /* Pods */,
				DBDA86353604E422F78E7E53 /* Frameworks */,
			);
			sourceTree = "<group>";
		};
		F76BD9831E6EDBED00EC0116 /* Products */ = {
			isa = PBXGroup;
			children = (
				F76BD9821E6EDBED00EC0116 /* Snapchat.app */,
			);
			name = Products;
			sourceTree = "<group>";
		};
		F76BD9841E6EDBED00EC0116 /* Snapchat */ = {
			isa = PBXGroup;
			children = (
				F75E295E1E724D58000AEEEC /* ViewControllers */,
				F75E295F1E724D9F000AEEEC /* Models */,
				F76BD9891E6EDBED00EC0116 /* Main.storyboard */,
				F76BD9851E6EDBED00EC0116 /* AppDelegate.swift */,
				F76BD98C1E6EDBED00EC0116 /* Assets.xcassets */,
				F76BD98E1E6EDBED00EC0116 /* LaunchScreen.storyboard */,
				F76BD9911E6EDBED00EC0116 /* Info.plist */,
				F76BD9971E6EE56500EC0116 /* GoogleService-Info.plist */,
				F778EFD31E7035C4000B2EBA /* Cool.jpg */,
				F777DA871E6F171C000FDE8E /* Snapchat.entitlements */,
			);
			path = Snapchat;
			sourceTree = "<group>";
		};
/* End PBXGroup section */

/* Begin PBXNativeTarget section */
		F76BD9811E6EDBED00EC0116 /* Snapchat */ = {
			isa = PBXNativeTarget;
			buildConfigurationList = F76BD9941E6EDBED00EC0116 /* Build configuration list for PBXNativeTarget "Snapchat" */;
			buildPhases = (
				030FF4407DCAE05A13CE2B55 /* [CP] Check Pods Manifest.lock */,
				F76BD97E1E6EDBED00EC0116 /* Sources */,
				F76BD97F1E6EDBED00EC0116 /* Frameworks */,
				F76BD9801E6EDBED00EC0116 /* Resources */,
				F65593E5A3548DE2ACEF92F9 /* [CP] Embed Pods Frameworks */,
				1B2CD14B5B85C87F47B28DAA /* [CP] Copy Pods Resources */,
			);
			buildRules = (
			);
			dependencies = (
			);
			name = Snapchat;
			productName = Snapchat;
			productReference = F76BD9821E6EDBED00EC0116 /* Snapchat.app */;
			productType = "com.apple.product-type.application";
		};
/* End PBXNativeTarget section */

/* Begin PBXProject section */
		F76BD97A1E6EDBED00EC0116 /* Project object */ = {
			isa = PBXProject;
			attributes = {
				LastSwiftUpdateCheck = 0820;
				LastUpgradeCheck = 0820;
				ORGANIZATIONNAME = "Mohammed Al-Khonaizi";
				TargetAttributes = {
					F76BD9811E6EDBED00EC0116 = {
						CreatedOnToolsVersion = 8.2.1;
						DevelopmentTeam = 9H7SMYEZH5;
						ProvisioningStyle = Automatic;
						SystemCapabilities = {
							com.apple.Keychain = {
								enabled = 1;
							};
						};
					};
				};
			};
			buildConfigurationList = F76BD97D1E6EDBED00EC0116 /* Build configuration list for PBXProject "Snapchat" */;
			compatibilityVersion = "Xcode 3.2";
			developmentRegion = English;
			hasScannedForEncodings = 0;
			knownRegions = (
				en,
				Base,
			);
			mainGroup = F76BD9791E6EDBED00EC0116;
			productRefGroup = F76BD9831E6EDBED00EC0116 /* Products */;
			projectDirPath = "";
			projectRoot = "";
			targets = (
				F76BD9811E6EDBED00EC0116 /* Snapchat */,
			);
		};
/* End PBXProject section */

/* Begin PBXResourcesBuildPhase section */
		F76BD9801E6EDBED00EC0116 /* Resources */ = {
			isa = PBXResourcesBuildPhase;
			buildActionMask = 2147483647;
			files = (
				F76BD9901E6EDBED00EC0116 /* LaunchScreen.storyboard in Resources */,
				F76BD9981E6EE56500EC0116 /* GoogleService-Info.plist in Resources */,
				F76BD98D1E6EDBED00EC0116 /* Assets.xcassets in Resources */,
				F778EFD41E7035C4000B2EBA /* Cool.jpg in Resources */,
				F76BD98B1E6EDBED00EC0116 /* Main.storyboard in Resources */,
			);
			runOnlyForDeploymentPostprocessing = 0;
		};
/* End PBXResourcesBuildPhase section */

/* Begin PBXShellScriptBuildPhase section */
		030FF4407DCAE05A13CE2B55 /* [CP] Check Pods Manifest.lock */ = {
			isa = PBXShellScriptBuildPhase;
			buildActionMask = 2147483647;
			files = (
			);
			inputPaths = (
			);
			name = "[CP] Check Pods Manifest.lock";
			outputPaths = (
			);
			runOnlyForDeploymentPostprocessing = 0;
			shellPath = /bin/sh;
			shellScript = "diff \"${PODS_ROOT}/../Podfile.lock\" \"${PODS_ROOT}/Manifest.lock\" > /dev/null\nif [ $? != 0 ] ; then\n    # print error to STDERR\n    echo \"error: The sandbox is not in sync with the Podfile.lock. Run 'pod install' or update your CocoaPods installation.\" >&2\n    exit 1\nfi\n";
			showEnvVarsInLog = 0;
		};
		1B2CD14B5B85C87F47B28DAA /* [CP] Copy Pods Resources */ = {
			isa = PBXShellScriptBuildPhase;
			buildActionMask = 2147483647;
			files = (
			);
			inputPaths = (
			);
			name = "[CP] Copy Pods Resources";
			outputPaths = (
			);
			runOnlyForDeploymentPostprocessing = 0;
			shellPath = /bin/sh;
			shellScript = "\"${SRCROOT}/Pods/Target Support Files/Pods-Snapchat/Pods-Snapchat-resources.sh\"\n";
			showEnvVarsInLog = 0;
		};
		F65593E5A3548DE2ACEF92F9 /* [CP] Embed Pods Frameworks */ = {
			isa = PBXShellScriptBuildPhase;
			buildActionMask = 2147483647;
			files = (
			);
			inputPaths = (
			);
			name = "[CP] Embed Pods Frameworks";
			outputPaths = (
			);
			runOnlyForDeploymentPostprocessing = 0;
			shellPath = /bin/sh;
			shellScript = "\"${SRCROOT}/Pods/Target Support Files/Pods-Snapchat/Pods-Snapchat-frameworks.sh\"\n";
			showEnvVarsInLog = 0;
		};
/* End PBXShellScriptBuildPhase section */

/* Begin PBXSourcesBuildPhase section */
		F76BD97E1E6EDBED00EC0116 /* Sources */ = {
			isa = PBXSourcesBuildPhase;
			buildActionMask = 2147483647;
			files = (
				F75E295B1E722DD2000AEEEC /* SelecUserViewController.swift in Sources */,
				F76BD9881E6EDBED00EC0116 /* SignInViewController.swift in Sources */,
				F75E295D1E724CDF000AEEEC /* User.swift in Sources */,
				F778EFD61E703671000B2EBA /* PictureViewController.swift in Sources */,
				F75E29611E75594B000AEEEC /* Snap.swift in Sources */,
				F76BD9861E6EDBED00EC0116 /* AppDelegate.swift in Sources */,
				F7C7DAB71E6F1D8B00425F93 /* SnapsViewController.swift in Sources */,
			);
			runOnlyForDeploymentPostprocessing = 0;
		};
/* End PBXSourcesBuildPhase section */

/* Begin PBXVariantGroup section */
		F76BD9891E6EDBED00EC0116 /* Main.storyboard */ = {
			isa = PBXVariantGroup;
			children = (
				F76BD98A1E6EDBED00EC0116 /* Base */,
			);
			name = Main.storyboard;
			sourceTree = "<group>";
		};
		F76BD98E1E6EDBED00EC0116 /* LaunchScreen.storyboard */ = {
			isa = PBXVariantGroup;
			children = (
				F76BD98F1E6EDBED00EC0116 /* Base */,
			);
			name = LaunchScreen.storyboard;
			sourceTree = "<group>";
		};
/* End PBXVariantGroup section */

/* Begin XCBuildConfiguration section */
		F76BD9921E6EDBED00EC0116 /* Debug */ = {
			isa = XCBuildConfiguration;
			buildSettings = {
				ALWAYS_SEARCH_USER_PATHS = NO;
				CLANG_ANALYZER_NONNULL = YES;
				CLANG_CXX_LANGUAGE_STANDARD = "gnu++0x";
				CLANG_CXX_LIBRARY = "libc++";
				CLANG_ENABLE_MODULES = YES;
				CLANG_ENABLE_OBJC_ARC = YES;
				CLANG_WARN_BOOL_CONVERSION = YES;
				CLANG_WARN_CONSTANT_CONVERSION = YES;
				CLANG_WARN_DIRECT_OBJC_ISA_USAGE = YES_ERROR;
				CLANG_WARN_DOCUMENTATION_COMMENTS = YES;
				CLANG_WARN_EMPTY_BODY = YES;
				CLANG_WARN_ENUM_CONVERSION = YES;
				CLANG_WARN_INFINITE_RECURSION = YES;
				CLANG_WARN_INT_CONVERSION = YES;
				CLANG_WARN_OBJC_ROOT_CLASS = YES_ERROR;
				CLANG_WARN_SUSPICIOUS_MOVE = YES;
				CLANG_WARN_UNREACHABLE_CODE = YES;
				CLANG_WARN__DUPLICATE_METHOD_MATCH = YES;
				"CODE_SIGN_IDENTITY[sdk=iphoneos*]" = "iPhone Developer";
				COPY_PHASE_STRIP = NO;
				DEBUG_INFORMATION_FORMAT = dwarf;
				ENABLE_STRICT_OBJC_MSGSEND = YES;
				ENABLE_TESTABILITY = YES;
				GCC_C_LANGUAGE_STANDARD = gnu99;
				GCC_DYNAMIC_NO_PIC = NO;
				GCC_NO_COMMON_BLOCKS = YES;
				GCC_OPTIMIZATION_LEVEL = 0;
				GCC_PREPROCESSOR_DEFINITIONS = (
					"DEBUG=1",
					"$(inherited)",
				);
				GCC_WARN_64_TO_32_BIT_CONVERSION = YES;
				GCC_WARN_ABOUT_RETURN_TYPE = YES_ERROR;
				GCC_WARN_UNDECLARED_SELECTOR = YES;
				GCC_WARN_UNINITIALIZED_AUTOS = YES_AGGRESSIVE;
				GCC_WARN_UNUSED_FUNCTION = YES;
				GCC_WARN_UNUSED_VARIABLE = YES;
				IPHONEOS_DEPLOYMENT_TARGET = 10.2;
				MTL_ENABLE_DEBUG_INFO = YES;
				ONLY_ACTIVE_ARCH = YES;
				SDKROOT = iphoneos;
				SWIFT_ACTIVE_COMPILATION_CONDITIONS = DEBUG;
				SWIFT_OPTIMIZATION_LEVEL = "-Onone";
			};
			name = Debug;
		};
		F76BD9931E6EDBED00EC0116 /* Release */ = {
			isa = XCBuildConfiguration;
			buildSettings = {
				ALWAYS_SEARCH_USER_PATHS = NO;
				CLANG_ANALYZER_NONNULL = YES;
				CLANG_CXX_LANGUAGE_STANDARD = "gnu++0x";
				CLANG_CXX_LIBRARY = "libc++";
				CLANG_ENABLE_MODULES = YES;
				CLANG_ENABLE_OBJC_ARC = YES;
				CLANG_WARN_BOOL_CONVERSION = YES;
				CLANG_WARN_CONSTANT_CONVERSION = YES;
				CLANG_WARN_DIRECT_OBJC_ISA_USAGE = YES_ERROR;
				CLANG_WARN_DOCUMENTATION_COMMENTS = YES;
				CLANG_WARN_EMPTY_BODY = YES;
				CLANG_WARN_ENUM_CONVERSION = YES;
				CLANG_WARN_INFINITE_RECURSION = YES;
				CLANG_WARN_INT_CONVERSION = YES;
				CLANG_WARN_OBJC_ROOT_CLASS = YES_ERROR;
				CLANG_WARN_SUSPICIOUS_MOVE = YES;
				CLANG_WARN_UNREACHABLE_CODE = YES;
				CLANG_WARN__DUPLICATE_METHOD_MATCH = YES;
				"CODE_SIGN_IDENTITY[sdk=iphoneos*]" = "iPhone Developer";
				COPY_PHASE_STRIP = NO;
				DEBUG_INFORMATION_FORMAT = "dwarf-with-dsym";
				ENABLE_NS_ASSERTIONS = NO;
				ENABLE_STRICT_OBJC_MSGSEND = YES;
				GCC_C_LANGUAGE_STANDARD = gnu99;
				GCC_NO_COMMON_BLOCKS = YES;
				GCC_WARN_64_TO_32_BIT_CONVERSION = YES;
				GCC_WARN_ABOUT_RETURN_TYPE = YES_ERROR;
				GCC_WARN_UNDECLARED_SELECTOR = YES;
				GCC_WARN_UNINITIALIZED_AUTOS = YES_AGGRESSIVE;
				GCC_WARN_UNUSED_FUNCTION = YES;
				GCC_WARN_UNUSED_VARIABLE = YES;
				IPHONEOS_DEPLOYMENT_TARGET = 10.2;
				MTL_ENABLE_DEBUG_INFO = NO;
				SDKROOT = iphoneos;
				SWIFT_OPTIMIZATION_LEVEL = "-Owholemodule";
				VALIDATE_PRODUCT = YES;
			};
			name = Release;
		};
		F76BD9951E6EDBED00EC0116 /* Debug */ = {
			isa = XCBuildConfiguration;
			baseConfigurationReference = F274F9C120720341AF6B4935 /* Pods-Snapchat.debug.xcconfig */;
			buildSettings = {
				ASSETCATALOG_COMPILER_APPICON_NAME = AppIcon;
				CODE_SIGN_ENTITLEMENTS = Snapchat/Snapchat.entitlements;
				DEVELOPMENT_TEAM = 9H7SMYEZH5;
				INFOPLIST_FILE = Snapchat/Info.plist;
				LD_RUNPATH_SEARCH_PATHS = "$(inherited) @executable_path/Frameworks";
				PRODUCT_BUNDLE_IDENTIFIER = com.backlife2005.Snapchat;
				PRODUCT_NAME = "$(TARGET_NAME)";
				SWIFT_VERSION = 3.0;
			};
			name = Debug;
		};
		F76BD9961E6EDBED00EC0116 /* Release */ = {
			isa = XCBuildConfiguration;
			baseConfigurationReference = 517D936C58EE70985DDE2989 /* Pods-Snapchat.release.xcconfig */;
			buildSettings = {
				ASSETCATALOG_COMPILER_APPICON_NAME = AppIcon;
				CODE_SIGN_ENTITLEMENTS = Snapchat/Snapchat.entitlements;
				DEVELOPMENT_TEAM = 9H7SMYEZH5;
				INFOPLIST_FILE = Snapchat/Info.plist;
				LD_RUNPATH_SEARCH_PATHS = "$(inherited) @executable_path/Frameworks";
				PRODUCT_BUNDLE_IDENTIFIER = com.backlife2005.Snapchat;
				PRODUCT_NAME = "$(TARGET_NAME)";
				SWIFT_VERSION = 3.0;
			};
			name = Release;
		};
/* End XCBuildConfiguration section */

/* Begin XCConfigurationList section */
		F76BD97D1E6EDBED00EC0116 /* Build configuration list for PBXProject "Snapchat" */ = {
			isa = XCConfigurationList;
			buildConfigurations = (
				F76BD9921E6EDBED00EC0116 /* Debug */,
				F76BD9931E6EDBED00EC0116 /* Release */,
			);
			defaultConfigurationIsVisible = 0;
			defaultConfigurationName = Release;
		};
		F76BD9941E6EDBED00EC0116 /* Build configuration list for PBXNativeTarget "Snapchat" */ = {
			isa = XCConfigurationList;
			buildConfigurations = (
				F76BD9951E6EDBED00EC0116 /* Debug */,
				F76BD9961E6EDBED00EC0116 /* Release */,
			);
			defaultConfigurationIsVisible = 0;
			defaultConfigurationName = Release;
		};
/* End XCConfigurationList section */
	};
	rootObject = F76BD97A1E6EDBED00EC0116 /* Project object */;
}
